
Microsoft Visual Studio Solution File, Format Version 11.00
# Visual Studio 2010
Project("{8BC9CEB8-8B4A-11D0-8D11-00A0C91BC942}") = "ReverseWords", "ReverseWords.vcxproj", "{02D10C6C-B6A3-45A2-9E2B-AF497AA5D1F0}"
EndProject
Global
	GlobalSection(SolutionConfigurationPlatforms) = preSolution
		Debug|Win32 = Debug|Win32
		Release|Win32 = Release|Win32
	EndGlobalSection
	GlobalSection(ProjectConfigurationPlatforms) = postSolution
		{02D10C6C-B6A3-45A2-9E2B-AF497AA5D1F0}.Debug|Win32.ActiveCfg = Debug|Win32
		{02D10C6C-B6A3-45A2-9E2B-AF497AA5D1F0}.Debug|Win32.Build.0 = Debug|Win32
		{02D10C6C-B6A3-45A2-9E2B-AF497AA5D1F0}.Release|Win32.ActiveCfg = Release|Win32
		{02D10C6C-B6A3-45A2-9E2B-AF497AA5D1F0}.Release|Win32.Build.0 = Release|Win32
	EndGlobalSection
	GlobalSection(SolutionProperties) = preSolution
		HideSolutionNode = FALSE
	EndGlobalSection
EndGlobal
